
Microsoft Visual Studio Solution File, Format Version 12.00
# Visual Studio Version 16
VisualStudioVersion = 16.0.30114.105
MinimumVisualStudioVersion = 10.0.40219.1
Project("{9A19103F-16F7-4668-BE54-9A1E7A4F7556}") = "Biovation.Gateway", "Biovation.Gateway\Biovation.Gateway.csproj", "{F00DC163-2379-4295-9965-DB011B69E1BB}"
EndProject
Project("{2150E333-8FDC-42A3-9474-1A3956D46DE8}") = "Brands", "Brands", "{4B876D59-5F75-4213-82B7-5D3E470A3BA4}"
EndProject
Project("{2150E333-8FDC-42A3-9474-1A3956D46DE8}") = "Common", "Common", "{6921E9DE-766A-451E-A601-1EE2D38F996B}"
EndProject
Project("{9A19103F-16F7-4668-BE54-9A1E7A4F7556}") = "Biovation.Domain", "Biovation.Domain\Biovation.Domain.csproj", "{20DC7924-DEBE-42C0-BFC7-E6E22FFD440F}"
EndProject
Project("{9A19103F-16F7-4668-BE54-9A1E7A4F7556}") = "Biovation.Brands.Suprema", "Biovation.Brands.Suprema\Biovation.Brands.Suprema.csproj", "{F4A094F3-E755-4A8E-B0E1-F53955646BD6}"
EndProject
Project("{9A19103F-16F7-4668-BE54-9A1E7A4F7556}") = "Biovation.Brands.Virdi", "Biovation.Brands.Virdi\Biovation.Brands.Virdi.csproj", "{608DE8D9-6D8C-4115-AD35-DFAF928FAA1B}"
EndProject
Project("{9A19103F-16F7-4668-BE54-9A1E7A4F7556}") = "Biovation.CommonClasses", "Biovation.CommonClasses\Biovation.CommonClasses.csproj", "{B75E452B-2B6E-4B80-822F-AD0897117765}"
EndProject
Project("{9A19103F-16F7-4668-BE54-9A1E7A4F7556}") = "DataAccessLayerCore", "DataAccessLayerCore\DataAccessLayerCore.csproj", "{6E3008A2-9114-4D91-A447-CACDAFFD55BF}"
EndProject
Project("{9A19103F-16F7-4668-BE54-9A1E7A4F7556}") = "Biovation.Server", "Biovation.Server\Biovation.Server.csproj", "{EBACE7D4-0CBB-454B-A0F1-DC416D1857C2}"
EndProject
Project("{2150E333-8FDC-42A3-9474-1A3956D46DE8}") = "DataFlow", "DataFlow", "{931DC338-2F09-4265-A44D-D716A317D020}"
EndProject
Project("{9A19103F-16F7-4668-BE54-9A1E7A4F7556}") = "Biovation.Data.Queries", "Biovation.Data.Queries\Biovation.Data.Queries.csproj", "{9DD0AA31-E8AA-4130-B1D4-6C19137F4C1C}"
EndProject
Project("{9A19103F-16F7-4668-BE54-9A1E7A4F7556}") = "Biovation.Data.Commands", "Biovation.Data.Commands\Biovation.Data.Commands.csproj", "{20ABBD89-2245-4C19-B1A0-240C135A4890}"
EndProject
Project("{9A19103F-16F7-4668-BE54-9A1E7A4F7556}") = "Biovation.Repository.Sql", "Biovation.Repository\Biovation.Repository.Sql.csproj", "{65B28757-C69A-415A-A028-3EE77B5FD662}"
EndProject
Project("{9A19103F-16F7-4668-BE54-9A1E7A4F7556}") = "Biovation.Service.Sql", "Biovation.Service\Biovation.Service.Sql.csproj", "{781E700F-B640-4C95-A7D7-72B1D8F16AA8}"
EndProject
Project("{9A19103F-16F7-4668-BE54-9A1E7A4F7556}") = "Biovation.Constants", "Biovation.Constants\Biovation.Constants.csproj", "{B1139B5E-4ED7-48CE-A1B7-85FAC25F0FE1}"
EndProject
Project("{9A19103F-16F7-4668-BE54-9A1E7A4F7556}") = "Biovation.Dashboard", "Biovation.Dashboard\Biovation.Dashboard.csproj", "{2370A294-F148-4494-810D-CA952863F5C4}"
EndProject
Project("{9A19103F-16F7-4668-BE54-9A1E7A4F7556}") = "Biovation.Repository.Api", "Biovation.Repository.Api\Biovation.Repository.Api.csproj", "{FCD64104-76DB-40DA-B6D4-3D068ED97FC2}"
EndProject
Project("{9A19103F-16F7-4668-BE54-9A1E7A4F7556}") = "Biovation.Service.Api", "Biovation.Service.Api\Biovation.Service.Api.csproj", "{46399C38-9FFA-41CE-B99D-D73635412C58}"
EndProject
Project("{9A19103F-16F7-4668-BE54-9A1E7A4F7556}") = "Biovation.Repository.MessageBus", "Biovation.Repository.MessageBus\Biovation.Repository.MessageBus.csproj", "{D1105559-2D46-4FF6-BCCE-4095DF735BE8}"
EndProject
Project("{9A19103F-16F7-4668-BE54-9A1E7A4F7556}") = "Biovation.Brands.ZK", "Biovation.Brands.ZK\Biovation.Brands.ZK.csproj", "{4DC9EA98-5750-4705-B1F3-A37513337DFB}"
EndProject
Project("{9A19103F-16F7-4668-BE54-9A1E7A4F7556}") = "Biovation.Brands.EOS", "Biovation.Brands.EOS\Biovation.Brands.EOS.csproj", "{CDB455BC-157E-4C30-8413-33AF5F7307C3}"
EndProject
Project("{9A19103F-16F7-4668-BE54-9A1E7A4F7556}") = "Biovation.Brands.Shahab", "Biovation.Brands.Shahab\Biovation.Brands.Shahab.csproj", "{871C1FE1-7A29-49F9-B5AE-C29EBA6AC8F8}"
EndProject
Project("{9A19103F-16F7-4668-BE54-9A1E7A4F7556}") = "Biovation.Brands.PW", "Biovation.Brands.PW\Biovation.Brands.PW.csproj", "{996DB54E-F12A-46A4-B0C5-0586B632AEE6}"
EndProject
Project("{2150E333-8FDC-42A3-9474-1A3956D46DE8}") = "Tools", "Tools", "{0FFD83DE-D07A-437D-9CFB-3CD580B820D1}"
EndProject
Project("{9A19103F-16F7-4668-BE54-9A1E7A4F7556}") = "Biovation.Tools.UserAdapter", "Biovation.Tools.UserAdapter\Biovation.Tools.UserAdapter.csproj", "{3C494559-24B2-45CF-86CB-125D05A109E3}"
EndProject
Project("{9A19103F-16F7-4668-BE54-9A1E7A4F7556}") = "Biovation.ServiceManager", "Biovation.ServiceManager\Biovation.ServiceManager.csproj", "{9DDE8513-198C-4A87-B867-F3302FD1B71B}"
EndProject
Project("{FAE04EC0-301F-11D3-BF4B-00C04F79EFBC}") = "Biovation.Brands.Paliz", "Biovation.Brands.Paliz\Biovation.Brands.Paliz.csproj", "{06F12D7D-BE91-413C-B633-89F946CF48B3}"
EndProject
Global
	GlobalSection(SolutionConfigurationPlatforms) = preSolution
		Debug|Any CPU = Debug|Any CPU
		Release|Any CPU = Release|Any CPU
	EndGlobalSection
	GlobalSection(ProjectConfigurationPlatforms) = postSolution
		{F00DC163-2379-4295-9965-DB011B69E1BB}.Debug|Any CPU.ActiveCfg = Debug|Any CPU
		{F00DC163-2379-4295-9965-DB011B69E1BB}.Debug|Any CPU.Build.0 = Debug|Any CPU
		{F00DC163-2379-4295-9965-DB011B69E1BB}.Release|Any CPU.ActiveCfg = Release|Any CPU
		{F00DC163-2379-4295-9965-DB011B69E1BB}.Release|Any CPU.Build.0 = Release|Any CPU
		{20DC7924-DEBE-42C0-BFC7-E6E22FFD440F}.Debug|Any CPU.ActiveCfg = Debug|Any CPU
		{20DC7924-DEBE-42C0-BFC7-E6E22FFD440F}.Debug|Any CPU.Build.0 = Debug|Any CPU
		{20DC7924-DEBE-42C0-BFC7-E6E22FFD440F}.Release|Any CPU.ActiveCfg = Release|Any CPU
		{20DC7924-DEBE-42C0-BFC7-E6E22FFD440F}.Release|Any CPU.Build.0 = Release|Any CPU
		{F4A094F3-E755-4A8E-B0E1-F53955646BD6}.Debug|Any CPU.ActiveCfg = Debug|Any CPU
		{F4A094F3-E755-4A8E-B0E1-F53955646BD6}.Debug|Any CPU.Build.0 = Debug|Any CPU
		{F4A094F3-E755-4A8E-B0E1-F53955646BD6}.Release|Any CPU.ActiveCfg = Release|Any CPU
		{F4A094F3-E755-4A8E-B0E1-F53955646BD6}.Release|Any CPU.Build.0 = Release|Any CPU
		{608DE8D9-6D8C-4115-AD35-DFAF928FAA1B}.Debug|Any CPU.ActiveCfg = Debug|Any CPU
		{608DE8D9-6D8C-4115-AD35-DFAF928FAA1B}.Debug|Any CPU.Build.0 = Debug|Any CPU
		{608DE8D9-6D8C-4115-AD35-DFAF928FAA1B}.Release|Any CPU.ActiveCfg = Release|Any CPU
		{608DE8D9-6D8C-4115-AD35-DFAF928FAA1B}.Release|Any CPU.Build.0 = Release|Any CPU
		{B75E452B-2B6E-4B80-822F-AD0897117765}.Debug|Any CPU.ActiveCfg = Debug|Any CPU
		{B75E452B-2B6E-4B80-822F-AD0897117765}.Debug|Any CPU.Build.0 = Debug|Any CPU
		{B75E452B-2B6E-4B80-822F-AD0897117765}.Release|Any CPU.ActiveCfg = Release|Any CPU
		{B75E452B-2B6E-4B80-822F-AD0897117765}.Release|Any CPU.Build.0 = Release|Any CPU
		{6E3008A2-9114-4D91-A447-CACDAFFD55BF}.Debug|Any CPU.ActiveCfg = Debug|Any CPU
		{6E3008A2-9114-4D91-A447-CACDAFFD55BF}.Debug|Any CPU.Build.0 = Debug|Any CPU
		{6E3008A2-9114-4D91-A447-CACDAFFD55BF}.Release|Any CPU.ActiveCfg = Release|Any CPU
		{6E3008A2-9114-4D91-A447-CACDAFFD55BF}.Release|Any CPU.Build.0 = Release|Any CPU
		{EBACE7D4-0CBB-454B-A0F1-DC416D1857C2}.Debug|Any CPU.ActiveCfg = Debug|Any CPU
		{EBACE7D4-0CBB-454B-A0F1-DC416D1857C2}.Debug|Any CPU.Build.0 = Debug|Any CPU
		{EBACE7D4-0CBB-454B-A0F1-DC416D1857C2}.Release|Any CPU.ActiveCfg = Release|Any CPU
		{EBACE7D4-0CBB-454B-A0F1-DC416D1857C2}.Release|Any CPU.Build.0 = Release|Any CPU
		{9DD0AA31-E8AA-4130-B1D4-6C19137F4C1C}.Debug|Any CPU.ActiveCfg = Debug|Any CPU
		{9DD0AA31-E8AA-4130-B1D4-6C19137F4C1C}.Debug|Any CPU.Build.0 = Debug|Any CPU
		{9DD0AA31-E8AA-4130-B1D4-6C19137F4C1C}.Release|Any CPU.ActiveCfg = Release|Any CPU
		{9DD0AA31-E8AA-4130-B1D4-6C19137F4C1C}.Release|Any CPU.Build.0 = Release|Any CPU
		{20ABBD89-2245-4C19-B1A0-240C135A4890}.Debug|Any CPU.ActiveCfg = Debug|Any CPU
		{20ABBD89-2245-4C19-B1A0-240C135A4890}.Debug|Any CPU.Build.0 = Debug|Any CPU
		{20ABBD89-2245-4C19-B1A0-240C135A4890}.Release|Any CPU.ActiveCfg = Release|Any CPU
		{20ABBD89-2245-4C19-B1A0-240C135A4890}.Release|Any CPU.Build.0 = Release|Any CPU
		{65B28757-C69A-415A-A028-3EE77B5FD662}.Debug|Any CPU.ActiveCfg = Debug|Any CPU
		{65B28757-C69A-415A-A028-3EE77B5FD662}.Debug|Any CPU.Build.0 = Debug|Any CPU
		{65B28757-C69A-415A-A028-3EE77B5FD662}.Release|Any CPU.ActiveCfg = Release|Any CPU
		{65B28757-C69A-415A-A028-3EE77B5FD662}.Release|Any CPU.Build.0 = Release|Any CPU
		{781E700F-B640-4C95-A7D7-72B1D8F16AA8}.Debug|Any CPU.ActiveCfg = Debug|Any CPU
		{781E700F-B640-4C95-A7D7-72B1D8F16AA8}.Debug|Any CPU.Build.0 = Debug|Any CPU
		{781E700F-B640-4C95-A7D7-72B1D8F16AA8}.Release|Any CPU.ActiveCfg = Release|Any CPU
		{781E700F-B640-4C95-A7D7-72B1D8F16AA8}.Release|Any CPU.Build.0 = Release|Any CPU
		{B1139B5E-4ED7-48CE-A1B7-85FAC25F0FE1}.Debug|Any CPU.ActiveCfg = Debug|Any CPU
		{B1139B5E-4ED7-48CE-A1B7-85FAC25F0FE1}.Debug|Any CPU.Build.0 = Debug|Any CPU
		{B1139B5E-4ED7-48CE-A1B7-85FAC25F0FE1}.Release|Any CPU.ActiveCfg = Release|Any CPU
		{B1139B5E-4ED7-48CE-A1B7-85FAC25F0FE1}.Release|Any CPU.Build.0 = Release|Any CPU
		{2370A294-F148-4494-810D-CA952863F5C4}.Debug|Any CPU.ActiveCfg = Debug|Any CPU
		{2370A294-F148-4494-810D-CA952863F5C4}.Debug|Any CPU.Build.0 = Debug|Any CPU
		{2370A294-F148-4494-810D-CA952863F5C4}.Release|Any CPU.ActiveCfg = Release|Any CPU
		{2370A294-F148-4494-810D-CA952863F5C4}.Release|Any CPU.Build.0 = Release|Any CPU
		{FCD64104-76DB-40DA-B6D4-3D068ED97FC2}.Debug|Any CPU.ActiveCfg = Debug|Any CPU
		{FCD64104-76DB-40DA-B6D4-3D068ED97FC2}.Debug|Any CPU.Build.0 = Debug|Any CPU
		{FCD64104-76DB-40DA-B6D4-3D068ED97FC2}.Release|Any CPU.ActiveCfg = Release|Any CPU
		{FCD64104-76DB-40DA-B6D4-3D068ED97FC2}.Release|Any CPU.Build.0 = Release|Any CPU
		{46399C38-9FFA-41CE-B99D-D73635412C58}.Debug|Any CPU.ActiveCfg = Debug|Any CPU
		{46399C38-9FFA-41CE-B99D-D73635412C58}.Debug|Any CPU.Build.0 = Debug|Any CPU
		{46399C38-9FFA-41CE-B99D-D73635412C58}.Release|Any CPU.ActiveCfg = Release|Any CPU
		{46399C38-9FFA-41CE-B99D-D73635412C58}.Release|Any CPU.Build.0 = Release|Any CPU
		{D1105559-2D46-4FF6-BCCE-4095DF735BE8}.Debug|Any CPU.ActiveCfg = Debug|Any CPU
		{D1105559-2D46-4FF6-BCCE-4095DF735BE8}.Debug|Any CPU.Build.0 = Debug|Any CPU
		{D1105559-2D46-4FF6-BCCE-4095DF735BE8}.Release|Any CPU.ActiveCfg = Release|Any CPU
		{D1105559-2D46-4FF6-BCCE-4095DF735BE8}.Release|Any CPU.Build.0 = Release|Any CPU
		{4DC9EA98-5750-4705-B1F3-A37513337DFB}.Debug|Any CPU.ActiveCfg = Debug|Any CPU
		{4DC9EA98-5750-4705-B1F3-A37513337DFB}.Debug|Any CPU.Build.0 = Debug|Any CPU
		{4DC9EA98-5750-4705-B1F3-A37513337DFB}.Release|Any CPU.ActiveCfg = Release|Any CPU
		{4DC9EA98-5750-4705-B1F3-A37513337DFB}.Release|Any CPU.Build.0 = Release|Any CPU
		{CDB455BC-157E-4C30-8413-33AF5F7307C3}.Debug|Any CPU.ActiveCfg = Debug|Any CPU
		{CDB455BC-157E-4C30-8413-33AF5F7307C3}.Debug|Any CPU.Build.0 = Debug|Any CPU
		{CDB455BC-157E-4C30-8413-33AF5F7307C3}.Release|Any CPU.ActiveCfg = Release|Any CPU
		{CDB455BC-157E-4C30-8413-33AF5F7307C3}.Release|Any CPU.Build.0 = Release|Any CPU
		{871C1FE1-7A29-49F9-B5AE-C29EBA6AC8F8}.Debug|Any CPU.ActiveCfg = Debug|Any CPU
		{871C1FE1-7A29-49F9-B5AE-C29EBA6AC8F8}.Debug|Any CPU.Build.0 = Debug|Any CPU
		{871C1FE1-7A29-49F9-B5AE-C29EBA6AC8F8}.Release|Any CPU.ActiveCfg = Release|Any CPU
		{871C1FE1-7A29-49F9-B5AE-C29EBA6AC8F8}.Release|Any CPU.Build.0 = Release|Any CPU
		{996DB54E-F12A-46A4-B0C5-0586B632AEE6}.Debug|Any CPU.ActiveCfg = Debug|Any CPU
		{996DB54E-F12A-46A4-B0C5-0586B632AEE6}.Debug|Any CPU.Build.0 = Debug|Any CPU
		{996DB54E-F12A-46A4-B0C5-0586B632AEE6}.Release|Any CPU.ActiveCfg = Release|Any CPU
		{996DB54E-F12A-46A4-B0C5-0586B632AEE6}.Release|Any CPU.Build.0 = Release|Any CPU
		{3C494559-24B2-45CF-86CB-125D05A109E3}.Debug|Any CPU.ActiveCfg = Debug|Any CPU
		{3C494559-24B2-45CF-86CB-125D05A109E3}.Debug|Any CPU.Build.0 = Debug|Any CPU
		{3C494559-24B2-45CF-86CB-125D05A109E3}.Release|Any CPU.ActiveCfg = Release|Any CPU
		{3C494559-24B2-45CF-86CB-125D05A109E3}.Release|Any CPU.Build.0 = Release|Any CPU
		{9DDE8513-198C-4A87-B867-F3302FD1B71B}.Debug|Any CPU.ActiveCfg = Debug|Any CPU
		{9DDE8513-198C-4A87-B867-F3302FD1B71B}.Debug|Any CPU.Build.0 = Debug|Any CPU
		{9DDE8513-198C-4A87-B867-F3302FD1B71B}.Release|Any CPU.ActiveCfg = Release|Any CPU
		{9DDE8513-198C-4A87-B867-F3302FD1B71B}.Release|Any CPU.Build.0 = Release|Any CPU
		{06F12D7D-BE91-413C-B633-89F946CF48B3}.Debug|Any CPU.ActiveCfg = Debug|Any CPU
		{06F12D7D-BE91-413C-B633-89F946CF48B3}.Debug|Any CPU.Build.0 = Debug|Any CPU
		{06F12D7D-BE91-413C-B633-89F946CF48B3}.Release|Any CPU.ActiveCfg = Release|Any CPU
		{06F12D7D-BE91-413C-B633-89F946CF48B3}.Release|Any CPU.Build.0 = Release|Any CPU
	EndGlobalSection
	GlobalSection(SolutionProperties) = preSolution
		HideSolutionNode = FALSE
	EndGlobalSection
	GlobalSection(NestedProjects) = preSolution
		{20DC7924-DEBE-42C0-BFC7-E6E22FFD440F} = {6921E9DE-766A-451E-A601-1EE2D38F996B}
		{F4A094F3-E755-4A8E-B0E1-F53955646BD6} = {4B876D59-5F75-4213-82B7-5D3E470A3BA4}
		{608DE8D9-6D8C-4115-AD35-DFAF928FAA1B} = {4B876D59-5F75-4213-82B7-5D3E470A3BA4}
		{B75E452B-2B6E-4B80-822F-AD0897117765} = {6921E9DE-766A-451E-A601-1EE2D38F996B}
		{6E3008A2-9114-4D91-A447-CACDAFFD55BF} = {6921E9DE-766A-451E-A601-1EE2D38F996B}
		{9DD0AA31-E8AA-4130-B1D4-6C19137F4C1C} = {931DC338-2F09-4265-A44D-D716A317D020}
		{20ABBD89-2245-4C19-B1A0-240C135A4890} = {931DC338-2F09-4265-A44D-D716A317D020}
		{65B28757-C69A-415A-A028-3EE77B5FD662} = {6921E9DE-766A-451E-A601-1EE2D38F996B}
		{781E700F-B640-4C95-A7D7-72B1D8F16AA8} = {6921E9DE-766A-451E-A601-1EE2D38F996B}
		{B1139B5E-4ED7-48CE-A1B7-85FAC25F0FE1} = {6921E9DE-766A-451E-A601-1EE2D38F996B}
		{FCD64104-76DB-40DA-B6D4-3D068ED97FC2} = {6921E9DE-766A-451E-A601-1EE2D38F996B}
		{46399C38-9FFA-41CE-B99D-D73635412C58} = {6921E9DE-766A-451E-A601-1EE2D38F996B}
		{D1105559-2D46-4FF6-BCCE-4095DF735BE8} = {6921E9DE-766A-451E-A601-1EE2D38F996B}
		{4DC9EA98-5750-4705-B1F3-A37513337DFB} = {4B876D59-5F75-4213-82B7-5D3E470A3BA4}
		{CDB455BC-157E-4C30-8413-33AF5F7307C3} = {4B876D59-5F75-4213-82B7-5D3E470A3BA4}
		{871C1FE1-7A29-49F9-B5AE-C29EBA6AC8F8} = {4B876D59-5F75-4213-82B7-5D3E470A3BA4}
		{996DB54E-F12A-46A4-B0C5-0586B632AEE6} = {4B876D59-5F75-4213-82B7-5D3E470A3BA4}
		{3C494559-24B2-45CF-86CB-125D05A109E3} = {0FFD83DE-D07A-437D-9CFB-3CD580B820D1}
		{06F12D7D-BE91-413C-B633-89F946CF48B3} = {4B876D59-5F75-4213-82B7-5D3E470A3BA4}
	EndGlobalSection
	GlobalSection(ExtensibilityGlobals) = postSolution
		SolutionGuid = {0CE0E369-D4C8-4572-B475-92CE7BA0E5FE}
	EndGlobalSection
EndGlobal
